// !$*UTF8*$!
{
	archiveVersion = 1;
	classes = {
	};
	objectVersion = 56;
	objects = {

/* Begin PBXBuildFile section */
		860235EC29B4C624008CC0A9 /* NetworkError.swift in Sources */ = {isa = PBXBuildFile; fileRef = 860235EB29B4C624008CC0A9 /* NetworkError.swift */; };
		860235EF29B4D012008CC0A9 /* NetworkResponse.swift in Sources */ = {isa = PBXBuildFile; fileRef = 860235EE29B4D012008CC0A9 /* NetworkResponse.swift */; };
		860235F429B4D23C008CC0A9 /* ButtomSwitch.swift in Sources */ = {isa = PBXBuildFile; fileRef = 860235F329B4D23C008CC0A9 /* ButtomSwitch.swift */; };
		860235F629B4D3F0008CC0A9 /* LaunchCell.swift in Sources */ = {isa = PBXBuildFile; fileRef = 860235F529B4D3F0008CC0A9 /* LaunchCell.swift */; };
		860235F829B4F5E7008CC0A9 /* RocketParametersCell.swift in Sources */ = {isa = PBXBuildFile; fileRef = 860235F729B4F5E6008CC0A9 /* RocketParametersCell.swift */; };
		860235FA29B4F963008CC0A9 /* RocketParameters.swift in Sources */ = {isa = PBXBuildFile; fileRef = 860235F929B4F963008CC0A9 /* RocketParameters.swift */; };
		868A2E3429B9AFAE00ACC017 /* SpaceXApp.swift in Sources */ = {isa = PBXBuildFile; fileRef = 86F29F9D29AE25650081343C /* SpaceXApp.swift */; };
		868A2E3529B9AFB000ACC017 /* SpaceXApp.swift in Sources */ = {isa = PBXBuildFile; fileRef = 86F29F9D29AE25650081343C /* SpaceXApp.swift */; };
		868A2E3629B9AFB300ACC017 /* ContentView.swift in Sources */ = {isa = PBXBuildFile; fileRef = 86F29F9F29AE25650081343C /* ContentView.swift */; };
		868A2E3729B9AFB300ACC017 /* ContentView.swift in Sources */ = {isa = PBXBuildFile; fileRef = 86F29F9F29AE25650081343C /* ContentView.swift */; };
		868A2E3829B9AFB700ACC017 /* RocketView.swift in Sources */ = {isa = PBXBuildFile; fileRef = 86F29FD429AE273A0081343C /* RocketView.swift */; };
		868A2E3929B9AFB700ACC017 /* RocketParameters.swift in Sources */ = {isa = PBXBuildFile; fileRef = 860235F929B4F963008CC0A9 /* RocketParameters.swift */; };
		868A2E3A29B9AFB700ACC017 /* RocketParametersCell.swift in Sources */ = {isa = PBXBuildFile; fileRef = 860235F729B4F5E6008CC0A9 /* RocketParametersCell.swift */; };
		868A2E3B29B9AFB700ACC017 /* RocketView.swift in Sources */ = {isa = PBXBuildFile; fileRef = 86F29FD429AE273A0081343C /* RocketView.swift */; };
		868A2E3C29B9AFB700ACC017 /* RocketParameters.swift in Sources */ = {isa = PBXBuildFile; fileRef = 860235F929B4F963008CC0A9 /* RocketParameters.swift */; };
		868A2E3D29B9AFB700ACC017 /* RocketParametersCell.swift in Sources */ = {isa = PBXBuildFile; fileRef = 860235F729B4F5E6008CC0A9 /* RocketParametersCell.swift */; };
		868A2E3E29B9AFBA00ACC017 /* LaunchsView.swift in Sources */ = {isa = PBXBuildFile; fileRef = 86F29FD829AE276D0081343C /* LaunchsView.swift */; };
		868A2E3F29B9AFBA00ACC017 /* LaunchsView.swift in Sources */ = {isa = PBXBuildFile; fileRef = 86F29FD829AE276D0081343C /* LaunchsView.swift */; };
		868A2E4029B9AFBF00ACC017 /* LaunchCell.swift in Sources */ = {isa = PBXBuildFile; fileRef = 860235F529B4D3F0008CC0A9 /* LaunchCell.swift */; };
		868A2E4129B9AFC000ACC017 /* LaunchCell.swift in Sources */ = {isa = PBXBuildFile; fileRef = 860235F529B4D3F0008CC0A9 /* LaunchCell.swift */; };
		868A2E4229B9AFC300ACC017 /* SettingsView.swift in Sources */ = {isa = PBXBuildFile; fileRef = 86F29FD029AE26E80081343C /* SettingsView.swift */; };
		868A2E4329B9AFC300ACC017 /* ButtomSwitch.swift in Sources */ = {isa = PBXBuildFile; fileRef = 860235F329B4D23C008CC0A9 /* ButtomSwitch.swift */; };
		868A2E4429B9AFC300ACC017 /* SettingsView.swift in Sources */ = {isa = PBXBuildFile; fileRef = 86F29FD029AE26E80081343C /* SettingsView.swift */; };
		868A2E4529B9AFC300ACC017 /* ButtomSwitch.swift in Sources */ = {isa = PBXBuildFile; fileRef = 860235F329B4D23C008CC0A9 /* ButtomSwitch.swift */; };
		868A2E4629B9AFC700ACC017 /* ContentViewModel.swift in Sources */ = {isa = PBXBuildFile; fileRef = 86F29FD629AE27500081343C /* ContentViewModel.swift */; };
		868A2E4729B9AFC700ACC017 /* SettingsViewModel.swift in Sources */ = {isa = PBXBuildFile; fileRef = 86F29FD229AE26FA0081343C /* SettingsViewModel.swift */; };
		868A2E4829B9AFC700ACC017 /* RocketViewModel.swift in Sources */ = {isa = PBXBuildFile; fileRef = 86E974CF29B1197D00827787 /* RocketViewModel.swift */; };
		868A2E4929B9AFC700ACC017 /* ContentViewModel.swift in Sources */ = {isa = PBXBuildFile; fileRef = 86F29FD629AE27500081343C /* ContentViewModel.swift */; };
		868A2E4A29B9AFC700ACC017 /* SettingsViewModel.swift in Sources */ = {isa = PBXBuildFile; fileRef = 86F29FD229AE26FA0081343C /* SettingsViewModel.swift */; };
		868A2E4B29B9AFC700ACC017 /* RocketViewModel.swift in Sources */ = {isa = PBXBuildFile; fileRef = 86E974CF29B1197D00827787 /* RocketViewModel.swift */; };
		868A2E4C29B9AFCE00ACC017 /* RocketModel.swift in Sources */ = {isa = PBXBuildFile; fileRef = 86F29FCE29AE26C70081343C /* RocketModel.swift */; };
		868A2E4D29B9AFCE00ACC017 /* LauncheModel.swift in Sources */ = {isa = PBXBuildFile; fileRef = 86F29FCC29AE26A60081343C /* LauncheModel.swift */; };
		868A2E4E29B9AFCE00ACC017 /* RocketModel.swift in Sources */ = {isa = PBXBuildFile; fileRef = 86F29FCE29AE26C70081343C /* RocketModel.swift */; };
		868A2E4F29B9AFCE00ACC017 /* LauncheModel.swift in Sources */ = {isa = PBXBuildFile; fileRef = 86F29FCC29AE26A60081343C /* LauncheModel.swift */; };
		868A2E5029B9AFD100ACC017 /* NetworkServices.swift in Sources */ = {isa = PBXBuildFile; fileRef = 86F29FDC29AE27A70081343C /* NetworkServices.swift */; };
		868A2E5129B9AFD100ACC017 /* NetworkServices.swift in Sources */ = {isa = PBXBuildFile; fileRef = 86F29FDC29AE27A70081343C /* NetworkServices.swift */; };
		868A2E5229B9AFD400ACC017 /* CustomBlurView.swift in Sources */ = {isa = PBXBuildFile; fileRef = 86E4CAD829AEDCBF005082C6 /* CustomBlurView.swift */; };
		868A2E5329B9AFD400ACC017 /* CustomBlurView.swift in Sources */ = {isa = PBXBuildFile; fileRef = 86E4CAD829AEDCBF005082C6 /* CustomBlurView.swift */; };
		868A2E5429B9AFD700ACC017 /* Extensions.swift in Sources */ = {isa = PBXBuildFile; fileRef = 86F29FDF29AE32840081343C /* Extensions.swift */; };
		868A2E5529B9AFD700ACC017 /* Extensions.swift in Sources */ = {isa = PBXBuildFile; fileRef = 86F29FDF29AE32840081343C /* Extensions.swift */; };
		868A2E5629B9AFDA00ACC017 /* NetworkResponse.swift in Sources */ = {isa = PBXBuildFile; fileRef = 860235EE29B4D012008CC0A9 /* NetworkResponse.swift */; };
		868A2E5729B9AFDA00ACC017 /* NetworkResponse.swift in Sources */ = {isa = PBXBuildFile; fileRef = 860235EE29B4D012008CC0A9 /* NetworkResponse.swift */; };
		868A2E5829B9AFDD00ACC017 /* NetworkError.swift in Sources */ = {isa = PBXBuildFile; fileRef = 860235EB29B4C624008CC0A9 /* NetworkError.swift */; };
		868A2E5929B9AFDD00ACC017 /* NetworkError.swift in Sources */ = {isa = PBXBuildFile; fileRef = 860235EB29B4C624008CC0A9 /* NetworkError.swift */; };
		868A2E5B29BA310D00ACC017 /* TestsRocketViewModel.swift in Sources */ = {isa = PBXBuildFile; fileRef = 868A2E5A29BA310D00ACC017 /* TestsRocketViewModel.swift */; };
		86E4CAD929AEDCBF005082C6 /* CustomBlurView.swift in Sources */ = {isa = PBXBuildFile; fileRef = 86E4CAD829AEDCBF005082C6 /* CustomBlurView.swift */; };
		86E974D029B1197D00827787 /* RocketViewModel.swift in Sources */ = {isa = PBXBuildFile; fileRef = 86E974CF29B1197D00827787 /* RocketViewModel.swift */; };
		86F29F9E29AE25650081343C /* SpaceXApp.swift in Sources */ = {isa = PBXBuildFile; fileRef = 86F29F9D29AE25650081343C /* SpaceXApp.swift */; };
		86F29FA029AE25650081343C /* ContentView.swift in Sources */ = {isa = PBXBuildFile; fileRef = 86F29F9F29AE25650081343C /* ContentView.swift */; };
		86F29FA229AE25670081343C /* Assets.xcassets in Resources */ = {isa = PBXBuildFile; fileRef = 86F29FA129AE25670081343C /* Assets.xcassets */; };
		86F29FA529AE25670081343C /* Preview Assets.xcassets in Resources */ = {isa = PBXBuildFile; fileRef = 86F29FA429AE25670081343C /* Preview Assets.xcassets */; };
		86F29FAF29AE25670081343C /* TestsContentViewModel.swift in Sources */ = {isa = PBXBuildFile; fileRef = 86F29FAE29AE25670081343C /* TestsContentViewModel.swift */; };
		86F29FB929AE25670081343C /* SpaceXUITests.swift in Sources */ = {isa = PBXBuildFile; fileRef = 86F29FB829AE25670081343C /* SpaceXUITests.swift */; };
		86F29FBB29AE25670081343C /* SpaceXUITestsLaunchTests.swift in Sources */ = {isa = PBXBuildFile; fileRef = 86F29FBA29AE25670081343C /* SpaceXUITestsLaunchTests.swift */; };
		86F29FCD29AE26A60081343C /* LauncheModel.swift in Sources */ = {isa = PBXBuildFile; fileRef = 86F29FCC29AE26A60081343C /* LauncheModel.swift */; };
		86F29FCF29AE26C70081343C /* RocketModel.swift in Sources */ = {isa = PBXBuildFile; fileRef = 86F29FCE29AE26C70081343C /* RocketModel.swift */; };
		86F29FD129AE26E80081343C /* SettingsView.swift in Sources */ = {isa = PBXBuildFile; fileRef = 86F29FD029AE26E80081343C /* SettingsView.swift */; };
		86F29FD329AE26FA0081343C /* SettingsViewModel.swift in Sources */ = {isa = PBXBuildFile; fileRef = 86F29FD229AE26FA0081343C /* SettingsViewModel.swift */; };
		86F29FD529AE273A0081343C /* RocketView.swift in Sources */ = {isa = PBXBuildFile; fileRef = 86F29FD429AE273A0081343C /* RocketView.swift */; };
		86F29FD729AE27500081343C /* ContentViewModel.swift in Sources */ = {isa = PBXBuildFile; fileRef = 86F29FD629AE27500081343C /* ContentViewModel.swift */; };
		86F29FD929AE276D0081343C /* LaunchsView.swift in Sources */ = {isa = PBXBuildFile; fileRef = 86F29FD829AE276D0081343C /* LaunchsView.swift */; };
		86F29FDD29AE27A70081343C /* NetworkServices.swift in Sources */ = {isa = PBXBuildFile; fileRef = 86F29FDC29AE27A70081343C /* NetworkServices.swift */; };
		86F29FE029AE32840081343C /* Extensions.swift in Sources */ = {isa = PBXBuildFile; fileRef = 86F29FDF29AE32840081343C /* Extensions.swift */; };
/* End PBXBuildFile section */

/* Begin PBXContainerItemProxy section */
		86F29FAB29AE25670081343C /* PBXContainerItemProxy */ = {
			isa = PBXContainerItemProxy;
			containerPortal = 86F29F9229AE25650081343C /* Project object */;
			proxyType = 1;
			remoteGlobalIDString = 86F29F9929AE25650081343C;
			remoteInfo = SpaceX;
		};
		86F29FB529AE25670081343C /* PBXContainerItemProxy */ = {
			isa = PBXContainerItemProxy;
			containerPortal = 86F29F9229AE25650081343C /* Project object */;
			proxyType = 1;
			remoteGlobalIDString = 86F29F9929AE25650081343C;
			remoteInfo = SpaceX;
		};
/* End PBXContainerItemProxy section */

/* Begin PBXFileReference section */
		860235EB29B4C624008CC0A9 /* NetworkError.swift */ = {isa = PBXFileReference; lastKnownFileType = sourcecode.swift; path = NetworkError.swift; sourceTree = "<group>"; };
		860235EE29B4D012008CC0A9 /* NetworkResponse.swift */ = {isa = PBXFileReference; lastKnownFileType = sourcecode.swift; path = NetworkResponse.swift; sourceTree = "<group>"; };
		860235F329B4D23C008CC0A9 /* ButtomSwitch.swift */ = {isa = PBXFileReference; lastKnownFileType = sourcecode.swift; path = ButtomSwitch.swift; sourceTree = "<group>"; };
		860235F529B4D3F0008CC0A9 /* LaunchCell.swift */ = {isa = PBXFileReference; lastKnownFileType = sourcecode.swift; path = LaunchCell.swift; sourceTree = "<group>"; };
		860235F729B4F5E6008CC0A9 /* RocketParametersCell.swift */ = {isa = PBXFileReference; lastKnownFileType = sourcecode.swift; path = RocketParametersCell.swift; sourceTree = "<group>"; };
		860235F929B4F963008CC0A9 /* RocketParameters.swift */ = {isa = PBXFileReference; lastKnownFileType = sourcecode.swift; path = RocketParameters.swift; sourceTree = "<group>"; };
		868A2E5A29BA310D00ACC017 /* TestsRocketViewModel.swift */ = {isa = PBXFileReference; lastKnownFileType = sourcecode.swift; path = TestsRocketViewModel.swift; sourceTree = "<group>"; };
		86E4CAD829AEDCBF005082C6 /* CustomBlurView.swift */ = {isa = PBXFileReference; lastKnownFileType = sourcecode.swift; path = CustomBlurView.swift; sourceTree = "<group>"; };
		86E974CF29B1197D00827787 /* RocketViewModel.swift */ = {isa = PBXFileReference; lastKnownFileType = sourcecode.swift; path = RocketViewModel.swift; sourceTree = "<group>"; };
		86F29F9A29AE25650081343C /* SpaceX.app */ = {isa = PBXFileReference; explicitFileType = wrapper.application; includeInIndex = 0; path = SpaceX.app; sourceTree = BUILT_PRODUCTS_DIR; };
		86F29F9D29AE25650081343C /* SpaceXApp.swift */ = {isa = PBXFileReference; lastKnownFileType = sourcecode.swift; path = SpaceXApp.swift; sourceTree = "<group>"; };
		86F29F9F29AE25650081343C /* ContentView.swift */ = {isa = PBXFileReference; lastKnownFileType = sourcecode.swift; path = ContentView.swift; sourceTree = "<group>"; };
		86F29FA129AE25670081343C /* Assets.xcassets */ = {isa = PBXFileReference; lastKnownFileType = folder.assetcatalog; path = Assets.xcassets; sourceTree = "<group>"; };
		86F29FA429AE25670081343C /* Preview Assets.xcassets */ = {isa = PBXFileReference; lastKnownFileType = folder.assetcatalog; path = "Preview Assets.xcassets"; sourceTree = "<group>"; };
		86F29FAA29AE25670081343C /* SpaceXTests.xctest */ = {isa = PBXFileReference; explicitFileType = wrapper.cfbundle; includeInIndex = 0; path = SpaceXTests.xctest; sourceTree = BUILT_PRODUCTS_DIR; };
		86F29FAE29AE25670081343C /* TestsContentViewModel.swift */ = {isa = PBXFileReference; lastKnownFileType = sourcecode.swift; path = TestsContentViewModel.swift; sourceTree = "<group>"; };
		86F29FB429AE25670081343C /* SpaceXUITests.xctest */ = {isa = PBXFileReference; explicitFileType = wrapper.cfbundle; includeInIndex = 0; path = SpaceXUITests.xctest; sourceTree = BUILT_PRODUCTS_DIR; };
		86F29FB829AE25670081343C /* SpaceXUITests.swift */ = {isa = PBXFileReference; lastKnownFileType = sourcecode.swift; path = SpaceXUITests.swift; sourceTree = "<group>"; };
		86F29FBA29AE25670081343C /* SpaceXUITestsLaunchTests.swift */ = {isa = PBXFileReference; lastKnownFileType = sourcecode.swift; path = SpaceXUITestsLaunchTests.swift; sourceTree = "<group>"; };
		86F29FCC29AE26A60081343C /* LauncheModel.swift */ = {isa = PBXFileReference; lastKnownFileType = sourcecode.swift; path = LauncheModel.swift; sourceTree = "<group>"; };
		86F29FCE29AE26C70081343C /* RocketModel.swift */ = {isa = PBXFileReference; lastKnownFileType = sourcecode.swift; path = RocketModel.swift; sourceTree = "<group>"; };
		86F29FD029AE26E80081343C /* SettingsView.swift */ = {isa = PBXFileReference; lastKnownFileType = sourcecode.swift; path = SettingsView.swift; sourceTree = "<group>"; };
		86F29FD229AE26FA0081343C /* SettingsViewModel.swift */ = {isa = PBXFileReference; lastKnownFileType = sourcecode.swift; path = SettingsViewModel.swift; sourceTree = "<group>"; };
		86F29FD429AE273A0081343C /* RocketView.swift */ = {isa = PBXFileReference; lastKnownFileType = sourcecode.swift; path = RocketView.swift; sourceTree = "<group>"; };
		86F29FD629AE27500081343C /* ContentViewModel.swift */ = {isa = PBXFileReference; lastKnownFileType = sourcecode.swift; path = ContentViewModel.swift; sourceTree = "<group>"; };
		86F29FD829AE276D0081343C /* LaunchsView.swift */ = {isa = PBXFileReference; lastKnownFileType = sourcecode.swift; path = LaunchsView.swift; sourceTree = "<group>"; };
		86F29FDC29AE27A70081343C /* NetworkServices.swift */ = {isa = PBXFileReference; lastKnownFileType = sourcecode.swift; path = NetworkServices.swift; sourceTree = "<group>"; };
		86F29FDF29AE32840081343C /* Extensions.swift */ = {isa = PBXFileReference; lastKnownFileType = sourcecode.swift; path = Extensions.swift; sourceTree = "<group>"; };
/* End PBXFileReference section */

/* Begin PBXFrameworksBuildPhase section */
		86F29F9729AE25650081343C /* Frameworks */ = {
			isa = PBXFrameworksBuildPhase;
			buildActionMask = 2147483647;
			files = (
			);
			runOnlyForDeploymentPostprocessing = 0;
		};
		86F29FA729AE25670081343C /* Frameworks */ = {
			isa = PBXFrameworksBuildPhase;
			buildActionMask = 2147483647;
			files = (
			);
			runOnlyForDeploymentPostprocessing = 0;
		};
		86F29FB129AE25670081343C /* Frameworks */ = {
			isa = PBXFrameworksBuildPhase;
			buildActionMask = 2147483647;
			files = (
			);
			runOnlyForDeploymentPostprocessing = 0;
		};
/* End PBXFrameworksBuildPhase section */

/* Begin PBXGroup section */
		860235EA29B4C615008CC0A9 /* Errors */ = {
			isa = PBXGroup;
			children = (
				860235EB29B4C624008CC0A9 /* NetworkError.swift */,
			);
			path = Errors;
			sourceTree = "<group>";
		};
		860235ED29B4D005008CC0A9 /* Wrappers */ = {
			isa = PBXGroup;
			children = (
				860235EE29B4D012008CC0A9 /* NetworkResponse.swift */,
			);
			path = Wrappers;
			sourceTree = "<group>";
		};
		860235F029B4D16E008CC0A9 /* LaunchsView */ = {
			isa = PBXGroup;
			children = (
				86F29FD829AE276D0081343C /* LaunchsView.swift */,
				860235F529B4D3F0008CC0A9 /* LaunchCell.swift */,
			);
			path = LaunchsView;
			sourceTree = "<group>";
		};
		860235F129B4D176008CC0A9 /* RocketView */ = {
			isa = PBXGroup;
			children = (
				86F29FD429AE273A0081343C /* RocketView.swift */,
				860235F729B4F5E6008CC0A9 /* RocketParametersCell.swift */,
				860235F929B4F963008CC0A9 /* RocketParameters.swift */,
			);
			path = RocketView;
			sourceTree = "<group>";
		};
		860235F229B4D1FA008CC0A9 /* SettingsView */ = {
			isa = PBXGroup;
			children = (
				86F29FD029AE26E80081343C /* SettingsView.swift */,
				860235F329B4D23C008CC0A9 /* ButtomSwitch.swift */,
			);
			path = SettingsView;
			sourceTree = "<group>";
		};
		86E4CAD729AEDCA9005082C6 /* Components */ = {
			isa = PBXGroup;
			children = (
				86E4CAD829AEDCBF005082C6 /* CustomBlurView.swift */,
			);
			path = Components;
			sourceTree = "<group>";
		};
		86F29F9129AE25650081343C = {
			isa = PBXGroup;
			children = (
				86F29F9C29AE25650081343C /* SpaceX */,
				86F29FAD29AE25670081343C /* SpaceXTests */,
				86F29FB729AE25670081343C /* SpaceXUITests */,
				86F29F9B29AE25650081343C /* Products */,
			);
			sourceTree = "<group>";
		};
		86F29F9B29AE25650081343C /* Products */ = {
			isa = PBXGroup;
			children = (
				86F29F9A29AE25650081343C /* SpaceX.app */,
				86F29FAA29AE25670081343C /* SpaceXTests.xctest */,
				86F29FB429AE25670081343C /* SpaceXUITests.xctest */,
			);
			name = Products;
			sourceTree = "<group>";
		};
		86F29F9C29AE25650081343C /* SpaceX */ = {
			isa = PBXGroup;
			children = (
				86F29F9D29AE25650081343C /* SpaceXApp.swift */,
				86F29FC729AE25920081343C /* View */,
				86F29FC829AE25E90081343C /* ViewModel */,
				86F29FC929AE25F30081343C /* Model */,
				86F29FCA29AE26000081343C /* Services */,
				86E4CAD729AEDCA9005082C6 /* Components */,
				86F29FDE29AE32770081343C /* Extensions */,
				860235ED29B4D005008CC0A9 /* Wrappers */,
				860235EA29B4C615008CC0A9 /* Errors */,
				86F29FCB29AE26150081343C /* Resources */,
				86F29FA329AE25670081343C /* Preview Content */,
			);
			path = SpaceX;
			sourceTree = "<group>";
		};
		86F29FA329AE25670081343C /* Preview Content */ = {
			isa = PBXGroup;
			children = (
				86F29FA429AE25670081343C /* Preview Assets.xcassets */,
			);
			path = "Preview Content";
			sourceTree = "<group>";
		};
		86F29FAD29AE25670081343C /* SpaceXTests */ = {
			isa = PBXGroup;
			children = (
				86F29FAE29AE25670081343C /* TestsContentViewModel.swift */,
				868A2E5A29BA310D00ACC017 /* TestsRocketViewModel.swift */,
			);
			path = SpaceXTests;
			sourceTree = "<group>";
		};
		86F29FB729AE25670081343C /* SpaceXUITests */ = {
			isa = PBXGroup;
			children = (
				86F29FB829AE25670081343C /* SpaceXUITests.swift */,
				86F29FBA29AE25670081343C /* SpaceXUITestsLaunchTests.swift */,
			);
			path = SpaceXUITests;
			sourceTree = "<group>";
		};
		86F29FC729AE25920081343C /* View */ = {
			isa = PBXGroup;
			children = (
				86F29F9F29AE25650081343C /* ContentView.swift */,
				860235F129B4D176008CC0A9 /* RocketView */,
				860235F029B4D16E008CC0A9 /* LaunchsView */,
				860235F229B4D1FA008CC0A9 /* SettingsView */,
			);
			path = View;
			sourceTree = "<group>";
		};
		86F29FC829AE25E90081343C /* ViewModel */ = {
			isa = PBXGroup;
			children = (
				86F29FD229AE26FA0081343C /* SettingsViewModel.swift */,
				86F29FD629AE27500081343C /* ContentViewModel.swift */,
				86E974CF29B1197D00827787 /* RocketViewModel.swift */,
			);
			path = ViewModel;
			sourceTree = "<group>";
		};
		86F29FC929AE25F30081343C /* Model */ = {
			isa = PBXGroup;
			children = (
				86F29FCC29AE26A60081343C /* LauncheModel.swift */,
				86F29FCE29AE26C70081343C /* RocketModel.swift */,
			);
			path = Model;
			sourceTree = "<group>";
		};
		86F29FCA29AE26000081343C /* Services */ = {
			isa = PBXGroup;
			children = (
				86F29FDC29AE27A70081343C /* NetworkServices.swift */,
			);
			path = Services;
			sourceTree = "<group>";
		};
		86F29FCB29AE26150081343C /* Resources */ = {
			isa = PBXGroup;
			children = (
				86F29FA129AE25670081343C /* Assets.xcassets */,
			);
			path = Resources;
			sourceTree = "<group>";
		};
		86F29FDE29AE32770081343C /* Extensions */ = {
			isa = PBXGroup;
			children = (
				86F29FDF29AE32840081343C /* Extensions.swift */,
			);
			path = Extensions;
			sourceTree = "<group>";
		};
/* End PBXGroup section */

/* Begin PBXNativeTarget section */
		86F29F9929AE25650081343C /* SpaceX */ = {
			isa = PBXNativeTarget;
			buildConfigurationList = 86F29FBE29AE25670081343C /* Build configuration list for PBXNativeTarget "SpaceX" */;
			buildPhases = (
				86F29F9629AE25650081343C /* Sources */,
				86F29F9729AE25650081343C /* Frameworks */,
				86F29F9829AE25650081343C /* Resources */,
			);
			buildRules = (
			);
			dependencies = (
			);
			name = SpaceX;
			productName = SpaceX;
			productReference = 86F29F9A29AE25650081343C /* SpaceX.app */;
			productType = "com.apple.product-type.application";
		};
		86F29FA929AE25670081343C /* SpaceXTests */ = {
			isa = PBXNativeTarget;
			buildConfigurationList = 86F29FC129AE25670081343C /* Build configuration list for PBXNativeTarget "SpaceXTests" */;
			buildPhases = (
				86F29FA629AE25670081343C /* Sources */,
				86F29FA729AE25670081343C /* Frameworks */,
				86F29FA829AE25670081343C /* Resources */,
			);
			buildRules = (
			);
			dependencies = (
				86F29FAC29AE25670081343C /* PBXTargetDependency */,
			);
			name = SpaceXTests;
			productName = SpaceXTests;
			productReference = 86F29FAA29AE25670081343C /* SpaceXTests.xctest */;
			productType = "com.apple.product-type.bundle.unit-test";
		};
		86F29FB329AE25670081343C /* SpaceXUITests */ = {
			isa = PBXNativeTarget;
			buildConfigurationList = 86F29FC429AE25670081343C /* Build configuration list for PBXNativeTarget "SpaceXUITests" */;
			buildPhases = (
				86F29FB029AE25670081343C /* Sources */,
				86F29FB129AE25670081343C /* Frameworks */,
				86F29FB229AE25670081343C /* Resources */,
			);
			buildRules = (
			);
			dependencies = (
				86F29FB629AE25670081343C /* PBXTargetDependency */,
			);
			name = SpaceXUITests;
			productName = SpaceXUITests;
			productReference = 86F29FB429AE25670081343C /* SpaceXUITests.xctest */;
			productType = "com.apple.product-type.bundle.ui-testing";
		};
/* End PBXNativeTarget section */

/* Begin PBXProject section */
		86F29F9229AE25650081343C /* Project object */ = {
			isa = PBXProject;
			attributes = {
				BuildIndependentTargetsInParallel = 1;
				LastSwiftUpdateCheck = 1400;
				LastUpgradeCheck = 1400;
				TargetAttributes = {
					86F29F9929AE25650081343C = {
						CreatedOnToolsVersion = 14.0;
					};
					86F29FA929AE25670081343C = {
						CreatedOnToolsVersion = 14.0;
						TestTargetID = 86F29F9929AE25650081343C;
					};
					86F29FB329AE25670081343C = {
						CreatedOnToolsVersion = 14.0;
						TestTargetID = 86F29F9929AE25650081343C;
					};
				};
			};
			buildConfigurationList = 86F29F9529AE25650081343C /* Build configuration list for PBXProject "SpaceX" */;
			compatibilityVersion = "Xcode 14.0";
			developmentRegion = en;
			hasScannedForEncodings = 0;
			knownRegions = (
				en,
				Base,
			);
			mainGroup = 86F29F9129AE25650081343C;
			productRefGroup = 86F29F9B29AE25650081343C /* Products */;
			projectDirPath = "";
			projectRoot = "";
			targets = (
				86F29F9929AE25650081343C /* SpaceX */,
				86F29FA929AE25670081343C /* SpaceXTests */,
				86F29FB329AE25670081343C /* SpaceXUITests */,
			);
		};
/* End PBXProject section */

/* Begin PBXResourcesBuildPhase section */
		86F29F9829AE25650081343C /* Resources */ = {
			isa = PBXResourcesBuildPhase;
			buildActionMask = 2147483647;
			files = (
				86F29FA529AE25670081343C /* Preview Assets.xcassets in Resources */,
				86F29FA229AE25670081343C /* Assets.xcassets in Resources */,
			);
			runOnlyForDeploymentPostprocessing = 0;
		};
		86F29FA829AE25670081343C /* Resources */ = {
			isa = PBXResourcesBuildPhase;
			buildActionMask = 2147483647;
			files = (
			);
			runOnlyForDeploymentPostprocessing = 0;
		};
		86F29FB229AE25670081343C /* Resources */ = {
			isa = PBXResourcesBuildPhase;
			buildActionMask = 2147483647;
			files = (
			);
			runOnlyForDeploymentPostprocessing = 0;
		};
/* End PBXResourcesBuildPhase section */

/* Begin PBXSourcesBuildPhase section */
		86F29F9629AE25650081343C /* Sources */ = {
			isa = PBXSourcesBuildPhase;
			buildActionMask = 2147483647;
			files = (
				86F29FD129AE26E80081343C /* SettingsView.swift in Sources */,
				860235EC29B4C624008CC0A9 /* NetworkError.swift in Sources */,
				860235F429B4D23C008CC0A9 /* ButtomSwitch.swift in Sources */,
				86F29FDD29AE27A70081343C /* NetworkServices.swift in Sources */,
				86F29FA029AE25650081343C /* ContentView.swift in Sources */,
				86F29FD929AE276D0081343C /* LaunchsView.swift in Sources */,
				86E974D029B1197D00827787 /* RocketViewModel.swift in Sources */,
				86E4CAD929AEDCBF005082C6 /* CustomBlurView.swift in Sources */,
				86F29FCF29AE26C70081343C /* RocketModel.swift in Sources */,
				86F29F9E29AE25650081343C /* SpaceXApp.swift in Sources */,
				86F29FE029AE32840081343C /* Extensions.swift in Sources */,
				86F29FD729AE27500081343C /* ContentViewModel.swift in Sources */,
				860235EF29B4D012008CC0A9 /* NetworkResponse.swift in Sources */,
				860235FA29B4F963008CC0A9 /* RocketParameters.swift in Sources */,
				86F29FCD29AE26A60081343C /* LauncheModel.swift in Sources */,
				86F29FD329AE26FA0081343C /* SettingsViewModel.swift in Sources */,
				860235F829B4F5E7008CC0A9 /* RocketParametersCell.swift in Sources */,
				860235F629B4D3F0008CC0A9 /* LaunchCell.swift in Sources */,
				86F29FD529AE273A0081343C /* RocketView.swift in Sources */,
			);
			runOnlyForDeploymentPostprocessing = 0;
		};
		86F29FA629AE25670081343C /* Sources */ = {
			isa = PBXSourcesBuildPhase;
			buildActionMask = 2147483647;
			files = (
				868A2E3829B9AFB700ACC017 /* RocketView.swift in Sources */,
				868A2E5629B9AFDA00ACC017 /* NetworkResponse.swift in Sources */,
				868A2E3429B9AFAE00ACC017 /* SpaceXApp.swift in Sources */,
				868A2E3629B9AFB300ACC017 /* ContentView.swift in Sources */,
				868A2E4829B9AFC700ACC017 /* RocketViewModel.swift in Sources */,
				86F29FAF29AE25670081343C /* TestsContentViewModel.swift in Sources */,
				868A2E5229B9AFD400ACC017 /* CustomBlurView.swift in Sources */,
				868A2E5429B9AFD700ACC017 /* Extensions.swift in Sources */,
				868A2E4C29B9AFCE00ACC017 /* RocketModel.swift in Sources */,
				868A2E4329B9AFC300ACC017 /* ButtomSwitch.swift in Sources */,
				868A2E4229B9AFC300ACC017 /* SettingsView.swift in Sources */,
				868A2E3E29B9AFBA00ACC017 /* LaunchsView.swift in Sources */,
				868A2E4729B9AFC700ACC017 /* SettingsViewModel.swift in Sources */,
				868A2E5029B9AFD100ACC017 /* NetworkServices.swift in Sources */,
				868A2E5829B9AFDD00ACC017 /* NetworkError.swift in Sources */,
				868A2E5B29BA310D00ACC017 /* TestsRocketViewModel.swift in Sources */,
				868A2E4629B9AFC700ACC017 /* ContentViewModel.swift in Sources */,
				868A2E3929B9AFB700ACC017 /* RocketParameters.swift in Sources */,
				868A2E3A29B9AFB700ACC017 /* RocketParametersCell.swift in Sources */,
				868A2E4D29B9AFCE00ACC017 /* LauncheModel.swift in Sources */,
				868A2E4029B9AFBF00ACC017 /* LaunchCell.swift in Sources */,
			);
			runOnlyForDeploymentPostprocessing = 0;
		};
		86F29FB029AE25670081343C /* Sources */ = {
			isa = PBXSourcesBuildPhase;
			buildActionMask = 2147483647;
			files = (
				868A2E3B29B9AFB700ACC017 /* RocketView.swift in Sources */,
				868A2E5729B9AFDA00ACC017 /* NetworkResponse.swift in Sources */,
				868A2E3529B9AFB000ACC017 /* SpaceXApp.swift in Sources */,
				86F29FBB29AE25670081343C /* SpaceXUITestsLaunchTests.swift in Sources */,
				868A2E3729B9AFB300ACC017 /* ContentView.swift in Sources */,
				868A2E4B29B9AFC700ACC017 /* RocketViewModel.swift in Sources */,
				86F29FB929AE25670081343C /* SpaceXUITests.swift in Sources */,
				868A2E5329B9AFD400ACC017 /* CustomBlurView.swift in Sources */,
				868A2E5529B9AFD700ACC017 /* Extensions.swift in Sources */,
				868A2E4E29B9AFCE00ACC017 /* RocketModel.swift in Sources */,
				868A2E4529B9AFC300ACC017 /* ButtomSwitch.swift in Sources */,
				868A2E4429B9AFC300ACC017 /* SettingsView.swift in Sources */,
				868A2E3F29B9AFBA00ACC017 /* LaunchsView.swift in Sources */,
				868A2E4A29B9AFC700ACC017 /* SettingsViewModel.swift in Sources */,
				868A2E5129B9AFD100ACC017 /* NetworkServices.swift in Sources */,
				868A2E5929B9AFDD00ACC017 /* NetworkError.swift in Sources */,
				868A2E4929B9AFC700ACC017 /* ContentViewModel.swift in Sources */,
				868A2E3C29B9AFB700ACC017 /* RocketParameters.swift in Sources */,
				868A2E3D29B9AFB700ACC017 /* RocketParametersCell.swift in Sources */,
				868A2E4F29B9AFCE00ACC017 /* LauncheModel.swift in Sources */,
				868A2E4129B9AFC000ACC017 /* LaunchCell.swift in Sources */,
			);
			runOnlyForDeploymentPostprocessing = 0;
		};
/* End PBXSourcesBuildPhase section */

/* Begin PBXTargetDependency section */
		86F29FAC29AE25670081343C /* PBXTargetDependency */ = {
			isa = PBXTargetDependency;
			target = 86F29F9929AE25650081343C /* SpaceX */;
			targetProxy = 86F29FAB29AE25670081343C /* PBXContainerItemProxy */;
		};
		86F29FB629AE25670081343C /* PBXTargetDependency */ = {
			isa = PBXTargetDependency;
			target = 86F29F9929AE25650081343C /* SpaceX */;
			targetProxy = 86F29FB529AE25670081343C /* PBXContainerItemProxy */;
		};
/* End PBXTargetDependency section */

/* Begin XCBuildConfiguration section */
		86F29FBC29AE25670081343C /* Debug */ = {
			isa = XCBuildConfiguration;
			buildSettings = {
				ALWAYS_SEARCH_USER_PATHS = NO;
				CLANG_ANALYZER_NONNULL = YES;
				CLANG_ANALYZER_NUMBER_OBJECT_CONVERSION = YES_AGGRESSIVE;
				CLANG_CXX_LANGUAGE_STANDARD = "gnu++20";
				CLANG_ENABLE_MODULES = YES;
				CLANG_ENABLE_OBJC_ARC = YES;
				CLANG_ENABLE_OBJC_WEAK = YES;
				CLANG_WARN_BLOCK_CAPTURE_AUTORELEASING = YES;
				CLANG_WARN_BOOL_CONVERSION = YES;
				CLANG_WARN_COMMA = YES;
				CLANG_WARN_CONSTANT_CONVERSION = YES;
				CLANG_WARN_DEPRECATED_OBJC_IMPLEMENTATIONS = YES;
				CLANG_WARN_DIRECT_OBJC_ISA_USAGE = YES_ERROR;
				CLANG_WARN_DOCUMENTATION_COMMENTS = YES;
				CLANG_WARN_EMPTY_BODY = YES;
				CLANG_WARN_ENUM_CONVERSION = YES;
				CLANG_WARN_INFINITE_RECURSION = YES;
				CLANG_WARN_INT_CONVERSION = YES;
				CLANG_WARN_NON_LITERAL_NULL_CONVERSION = YES;
				CLANG_WARN_OBJC_IMPLICIT_RETAIN_SELF = YES;
				CLANG_WARN_OBJC_LITERAL_CONVERSION = YES;
				CLANG_WARN_OBJC_ROOT_CLASS = YES_ERROR;
				CLANG_WARN_QUOTED_INCLUDE_IN_FRAMEWORK_HEADER = YES;
				CLANG_WARN_RANGE_LOOP_ANALYSIS = YES;
				CLANG_WARN_STRICT_PROTOTYPES = YES;
				CLANG_WARN_SUSPICIOUS_MOVE = YES;
				CLANG_WARN_UNGUARDED_AVAILABILITY = YES_AGGRESSIVE;
				CLANG_WARN_UNREACHABLE_CODE = YES;
				CLANG_WARN__DUPLICATE_METHOD_MATCH = YES;
				COPY_PHASE_STRIP = NO;
				DEBUG_INFORMATION_FORMAT = dwarf;
				ENABLE_STRICT_OBJC_MSGSEND = YES;
				ENABLE_TESTABILITY = YES;
				GCC_C_LANGUAGE_STANDARD = gnu11;
				GCC_DYNAMIC_NO_PIC = NO;
				GCC_NO_COMMON_BLOCKS = YES;
				GCC_OPTIMIZATION_LEVEL = 0;
				GCC_PREPROCESSOR_DEFINITIONS = (
					"DEBUG=1",
					"$(inherited)",
				);
				GCC_WARN_64_TO_32_BIT_CONVERSION = YES;
				GCC_WARN_ABOUT_RETURN_TYPE = YES_ERROR;
				GCC_WARN_UNDECLARED_SELECTOR = YES;
				GCC_WARN_UNINITIALIZED_AUTOS = YES_AGGRESSIVE;
				GCC_WARN_UNUSED_FUNCTION = YES;
				GCC_WARN_UNUSED_VARIABLE = YES;
				IPHONEOS_DEPLOYMENT_TARGET = 16.0;
				MTL_ENABLE_DEBUG_INFO = INCLUDE_SOURCE;
				MTL_FAST_MATH = YES;
				ONLY_ACTIVE_ARCH = YES;
				SDKROOT = iphoneos;
				SWIFT_ACTIVE_COMPILATION_CONDITIONS = DEBUG;
				SWIFT_OPTIMIZATION_LEVEL = "-Onone";
			};
			name = Debug;
		};
		86F29FBD29AE25670081343C /* Release */ = {
			isa = XCBuildConfiguration;
			buildSettings = {
				ALWAYS_SEARCH_USER_PATHS = NO;
				CLANG_ANALYZER_NONNULL = YES;
				CLANG_ANALYZER_NUMBER_OBJECT_CONVERSION = YES_AGGRESSIVE;
				CLANG_CXX_LANGUAGE_STANDARD = "gnu++20";
				CLANG_ENABLE_MODULES = YES;
				CLANG_ENABLE_OBJC_ARC = YES;
				CLANG_ENABLE_OBJC_WEAK = YES;
				CLANG_WARN_BLOCK_CAPTURE_AUTORELEASING = YES;
				CLANG_WARN_BOOL_CONVERSION = YES;
				CLANG_WARN_COMMA = YES;
				CLANG_WARN_CONSTANT_CONVERSION = YES;
				CLANG_WARN_DEPRECATED_OBJC_IMPLEMENTATIONS = YES;
				CLANG_WARN_DIRECT_OBJC_ISA_USAGE = YES_ERROR;
				CLANG_WARN_DOCUMENTATION_COMMENTS = YES;
				CLANG_WARN_EMPTY_BODY = YES;
				CLANG_WARN_ENUM_CONVERSION = YES;
				CLANG_WARN_INFINITE_RECURSION = YES;
				CLANG_WARN_INT_CONVERSION = YES;
				CLANG_WARN_NON_LITERAL_NULL_CONVERSION = YES;
				CLANG_WARN_OBJC_IMPLICIT_RETAIN_SELF = YES;
				CLANG_WARN_OBJC_LITERAL_CONVERSION = YES;
				CLANG_WARN_OBJC_ROOT_CLASS = YES_ERROR;
				CLANG_WARN_QUOTED_INCLUDE_IN_FRAMEWORK_HEADER = YES;
				CLANG_WARN_RANGE_LOOP_ANALYSIS = YES;
				CLANG_WARN_STRICT_PROTOTYPES = YES;
				CLANG_WARN_SUSPICIOUS_MOVE = YES;
				CLANG_WARN_UNGUARDED_AVAILABILITY = YES_AGGRESSIVE;
				CLANG_WARN_UNREACHABLE_CODE = YES;
				CLANG_WARN__DUPLICATE_METHOD_MATCH = YES;
				COPY_PHASE_STRIP = NO;
				DEBUG_INFORMATION_FORMAT = "dwarf-with-dsym";
				ENABLE_NS_ASSERTIONS = NO;
				ENABLE_STRICT_OBJC_MSGSEND = YES;
				GCC_C_LANGUAGE_STANDARD = gnu11;
				GCC_NO_COMMON_BLOCKS = YES;
				GCC_WARN_64_TO_32_BIT_CONVERSION = YES;
				GCC_WARN_ABOUT_RETURN_TYPE = YES_ERROR;
				GCC_WARN_UNDECLARED_SELECTOR = YES;
				GCC_WARN_UNINITIALIZED_AUTOS = YES_AGGRESSIVE;
				GCC_WARN_UNUSED_FUNCTION = YES;
				GCC_WARN_UNUSED_VARIABLE = YES;
				IPHONEOS_DEPLOYMENT_TARGET = 16.0;
				MTL_ENABLE_DEBUG_INFO = NO;
				MTL_FAST_MATH = YES;
				SDKROOT = iphoneos;
				SWIFT_COMPILATION_MODE = wholemodule;
				SWIFT_OPTIMIZATION_LEVEL = "-O";
				VALIDATE_PRODUCT = YES;
			};
			name = Release;
		};
		86F29FBF29AE25670081343C /* Debug */ = {
			isa = XCBuildConfiguration;
			buildSettings = {
				ASSETCATALOG_COMPILER_APPICON_NAME = AppIcon;
				ASSETCATALOG_COMPILER_GLOBAL_ACCENT_COLOR_NAME = AccentColor;
				CODE_SIGN_STYLE = Automatic;
				CURRENT_PROJECT_VERSION = 1;
				DEVELOPMENT_ASSET_PATHS = "\"SpaceX/Preview Content\"";
				DEVELOPMENT_TEAM = 7RQ87S3853;
				ENABLE_PREVIEWS = YES;
				GENERATE_INFOPLIST_FILE = YES;
				INFOPLIST_KEY_UIApplicationSceneManifest_Generation = YES;
				INFOPLIST_KEY_UIApplicationSupportsIndirectInputEvents = YES;
				INFOPLIST_KEY_UILaunchScreen_Generation = YES;
				INFOPLIST_KEY_UISupportedInterfaceOrientations = UIInterfaceOrientationPortrait;
				INFOPLIST_KEY_UISupportedInterfaceOrientations_iPad = "UIInterfaceOrientationLandscapeLeft UIInterfaceOrientationLandscapeRight UIInterfaceOrientationPortrait UIInterfaceOrientationPortraitUpsideDown";
				LD_RUNPATH_SEARCH_PATHS = (
					"$(inherited)",
					"@executable_path/Frameworks",
				);
				MARKETING_VERSION = 1.0;
				PRODUCT_BUNDLE_IDENTIFIER = HKtechnologies.SpaceX;
				PRODUCT_NAME = "$(TARGET_NAME)";
				SUPPORTED_PLATFORMS = "iphoneos iphonesimulator";
				SUPPORTS_MACCATALYST = NO;
				SUPPORTS_MAC_DESIGNED_FOR_IPHONE_IPAD = NO;
				SWIFT_EMIT_LOC_STRINGS = YES;
				SWIFT_VERSION = 5.0;
				TARGETED_DEVICE_FAMILY = 1;
			};
			name = Debug;
		};
		86F29FC029AE25670081343C /* Release */ = {
			isa = XCBuildConfiguration;
			buildSettings = {
				ASSETCATALOG_COMPILER_APPICON_NAME = AppIcon;
				ASSETCATALOG_COMPILER_GLOBAL_ACCENT_COLOR_NAME = AccentColor;
				CODE_SIGN_STYLE = Automatic;
				CURRENT_PROJECT_VERSION = 1;
				DEVELOPMENT_ASSET_PATHS = "\"SpaceX/Preview Content\"";
				DEVELOPMENT_TEAM = 7RQ87S3853;
				ENABLE_PREVIEWS = YES;
				GENERATE_INFOPLIST_FILE = YES;
				INFOPLIST_KEY_UIApplicationSceneManifest_Generation = YES;
				INFOPLIST_KEY_UIApplicationSupportsIndirectInputEvents = YES;
				INFOPLIST_KEY_UILaunchScreen_Generation = YES;
				INFOPLIST_KEY_UISupportedInterfaceOrientations = UIInterfaceOrientationPortrait;
				INFOPLIST_KEY_UISupportedInterfaceOrientations_iPad = "UIInterfaceOrientationLandscapeLeft UIInterfaceOrientationLandscapeRight UIInterfaceOrientationPortrait UIInterfaceOrientationPortraitUpsideDown";
				LD_RUNPATH_SEARCH_PATHS = (
					"$(inherited)",
					"@executable_path/Frameworks",
				);
				MARKETING_VERSION = 1.0;
				PRODUCT_BUNDLE_IDENTIFIER = HKtechnologies.SpaceX;
				PRODUCT_NAME = "$(TARGET_NAME)";
				SUPPORTED_PLATFORMS = "iphoneos iphonesimulator";
				SUPPORTS_MACCATALYST = NO;
				SUPPORTS_MAC_DESIGNED_FOR_IPHONE_IPAD = NO;
				SWIFT_EMIT_LOC_STRINGS = YES;
				SWIFT_VERSION = 5.0;
				TARGETED_DEVICE_FAMILY = 1;
			};
			name = Release;
		};
		86F29FC229AE25670081343C /* Debug */ = {
			isa = XCBuildConfiguration;
			buildSettings = {
				ALWAYS_EMBED_SWIFT_STANDARD_LIBRARIES = YES;
				BUNDLE_LOADER = "$(TEST_HOST)";
				CODE_SIGN_STYLE = Automatic;
				CURRENT_PROJECT_VERSION = 1;
				DEVELOPMENT_TEAM = 7RQ87S3853;
				GENERATE_INFOPLIST_FILE = YES;
				IPHONEOS_DEPLOYMENT_TARGET = 16.0;
				MARKETING_VERSION = 1.0;
				PRODUCT_BUNDLE_IDENTIFIER = HKtechnologies.SpaceXTests;
				PRODUCT_NAME = "$(TARGET_NAME)";
				SWIFT_EMIT_LOC_STRINGS = NO;
				SWIFT_VERSION = 5.0;
				TARGETED_DEVICE_FAMILY = "1,2";
				TEST_HOST = "$(BUILT_PRODUCTS_DIR)/SpaceX.app/$(BUNDLE_EXECUTABLE_FOLDER_PATH)/SpaceX";
			};
			name = Debug;
		};
		86F29FC329AE25670081343C /* Release */ = {
			isa = XCBuildConfiguration;
			buildSettings = {
				ALWAYS_EMBED_SWIFT_STANDARD_LIBRARIES = YES;
				BUNDLE_LOADER = "$(TEST_HOST)";
				CODE_SIGN_STYLE = Automatic;
				CURRENT_PROJECT_VERSION = 1;
				DEVELOPMENT_TEAM = 7RQ87S3853;
				GENERATE_INFOPLIST_FILE = YES;
				IPHONEOS_DEPLOYMENT_TARGET = 16.0;
				MARKETING_VERSION = 1.0;
				PRODUCT_BUNDLE_IDENTIFIER = HKtechnologies.SpaceXTests;
				PRODUCT_NAME = "$(TARGET_NAME)";
				SWIFT_EMIT_LOC_STRINGS = NO;
				SWIFT_VERSION = 5.0;
				TARGETED_DEVICE_FAMILY = "1,2";
				TEST_HOST = "$(BUILT_PRODUCTS_DIR)/SpaceX.app/$(BUNDLE_EXECUTABLE_FOLDER_PATH)/SpaceX";
			};
			name = Release;
		};
		86F29FC529AE25670081343C /* Debug */ = {
			isa = XCBuildConfiguration;
			buildSettings = {
				ALWAYS_EMBED_SWIFT_STANDARD_LIBRARIES = YES;
				CODE_SIGN_STYLE = Automatic;
				CURRENT_PROJECT_VERSION = 1;
				DEVELOPMENT_TEAM = 7RQ87S3853;
				GENERATE_INFOPLIST_FILE = YES;
				MARKETING_VERSION = 1.0;
				PRODUCT_BUNDLE_IDENTIFIER = HKtechnologies.SpaceXUITests;
				PRODUCT_NAME = "$(TARGET_NAME)";
				SWIFT_EMIT_LOC_STRINGS = NO;
				SWIFT_VERSION = 5.0;
				TARGETED_DEVICE_FAMILY = "1,2";
				TEST_TARGET_NAME = SpaceX;
			};
			name = Debug;
		};
		86F29FC629AE25670081343C /* Release */ = {
			isa = XCBuildConfiguration;
			buildSettings = {
				ALWAYS_EMBED_SWIFT_STANDARD_LIBRARIES = YES;
				CODE_SIGN_STYLE = Automatic;
				CURRENT_PROJECT_VERSION = 1;
				DEVELOPMENT_TEAM = 7RQ87S3853;
				GENERATE_INFOPLIST_FILE = YES;
				MARKETING_VERSION = 1.0;
				PRODUCT_BUNDLE_IDENTIFIER = HKtechnologies.SpaceXUITests;
				PRODUCT_NAME = "$(TARGET_NAME)";
				SWIFT_EMIT_LOC_STRINGS = NO;
				SWIFT_VERSION = 5.0;
				TARGETED_DEVICE_FAMILY = "1,2";
				TEST_TARGET_NAME = SpaceX;
			};
			name = Release;
		};
/* End XCBuildConfiguration section */

/* Begin XCConfigurationList section */
		86F29F9529AE25650081343C /* Build configuration list for PBXProject "SpaceX" */ = {
			isa = XCConfigurationList;
			buildConfigurations = (
				86F29FBC29AE25670081343C /* Debug */,
				86F29FBD29AE25670081343C /* Release */,
			);
			defaultConfigurationIsVisible = 0;
			defaultConfigurationName = Release;
		};
		86F29FBE29AE25670081343C /* Build configuration list for PBXNativeTarget "SpaceX" */ = {
			isa = XCConfigurationList;
			buildConfigurations = (
				86F29FBF29AE25670081343C /* Debug */,
				86F29FC029AE25670081343C /* Release */,
			);
			defaultConfigurationIsVisible = 0;
			defaultConfigurationName = Release;
		};
		86F29FC129AE25670081343C /* Build configuration list for PBXNativeTarget "SpaceXTests" */ = {
			isa = XCConfigurationList;
			buildConfigurations = (
				86F29FC229AE25670081343C /* Debug */,
				86F29FC329AE25670081343C /* Release */,
			);
			defaultConfigurationIsVisible = 0;
			defaultConfigurationName = Release;
		};
		86F29FC429AE25670081343C /* Build configuration list for PBXNativeTarget "SpaceXUITests" */ = {
			isa = XCConfigurationList;
			buildConfigurations = (
				86F29FC529AE25670081343C /* Debug */,
				86F29FC629AE25670081343C /* Release */,
			);
			defaultConfigurationIsVisible = 0;
			defaultConfigurationName = Release;
		};
/* End XCConfigurationList section */
	};
	rootObject = 86F29F9229AE25650081343C /* Project object */;
}
